// !$*UTF8*$!
{
	archiveVersion = 1;
	classes = {
	};
	objectVersion = 56;
	objects = {

/* Begin PBXBuildFile section */
		E10029572A8EA6EB00B7141A /* Domain in Frameworks */ = {isa = PBXBuildFile; productRef = E10029562A8EA6EB00B7141A /* Domain */; };
		E182D83C2A8C18EA00EBE108 /* View+.swift in Sources */ = {isa = PBXBuildFile; fileRef = E182D83B2A8C18EA00EBE108 /* View+.swift */; };
		E182D83F2A8CF3A200EBE108 /* ConfigView.swift in Sources */ = {isa = PBXBuildFile; fileRef = E182D83E2A8CF3A200EBE108 /* ConfigView.swift */; };
		E182D8472A8D658700EBE108 /* CircularPatternView.swift in Sources */ = {isa = PBXBuildFile; fileRef = E182D8462A8D658700EBE108 /* CircularPatternView.swift */; };
		E182D8492A8E287B00EBE108 /* Color+.swift in Sources */ = {isa = PBXBuildFile; fileRef = E182D8482A8E287B00EBE108 /* Color+.swift */; };
		E187DA3C2A8BA99000400A5E /* swiftgen.yml in Resources */ = {isa = PBXBuildFile; fileRef = E187DA3B2A8BA99000400A5E /* swiftgen.yml */; };
		E187DA412A8BAAAC00400A5E /* Localizable.strings in Resources */ = {isa = PBXBuildFile; fileRef = E187DA432A8BAAAC00400A5E /* Localizable.strings */; };
		E187DA462A8BABC100400A5E /* Strings+Generated.swift in Sources */ = {isa = PBXBuildFile; fileRef = E187DA452A8BABC100400A5E /* Strings+Generated.swift */; };
		E187DA482A8BAEB500400A5E /* HomeViewModel.swift in Sources */ = {isa = PBXBuildFile; fileRef = E187DA472A8BAEB500400A5E /* HomeViewModel.swift */; };
		E187DA4C2A8BB7B800400A5E /* BubbleView.swift in Sources */ = {isa = PBXBuildFile; fileRef = E187DA4B2A8BB7B800400A5E /* BubbleView.swift */; };
		E1AE15622A8BA894002AFC23 /* BreatheApp.swift in Sources */ = {isa = PBXBuildFile; fileRef = E1AE15612A8BA894002AFC23 /* BreatheApp.swift */; };
		E1AE15642A8BA894002AFC23 /* HomeView.swift in Sources */ = {isa = PBXBuildFile; fileRef = E1AE15632A8BA894002AFC23 /* HomeView.swift */; };
		E1AE15662A8BA895002AFC23 /* Assets.xcassets in Resources */ = {isa = PBXBuildFile; fileRef = E1AE15652A8BA895002AFC23 /* Assets.xcassets */; };
		E1AE156A2A8BA895002AFC23 /* Preview Assets.xcassets in Resources */ = {isa = PBXBuildFile; fileRef = E1AE15692A8BA895002AFC23 /* Preview Assets.xcassets */; };
		E1AE15742A8BA895002AFC23 /* BreatheTests.swift in Sources */ = {isa = PBXBuildFile; fileRef = E1AE15732A8BA895002AFC23 /* BreatheTests.swift */; };
		E1AE157E2A8BA895002AFC23 /* BreatheUITests.swift in Sources */ = {isa = PBXBuildFile; fileRef = E1AE157D2A8BA895002AFC23 /* BreatheUITests.swift */; };
		E1AE15802A8BA895002AFC23 /* BreatheUITestsLaunchTests.swift in Sources */ = {isa = PBXBuildFile; fileRef = E1AE157F2A8BA895002AFC23 /* BreatheUITestsLaunchTests.swift */; };
/* End PBXBuildFile section */

/* Begin PBXContainerItemProxy section */
		E1AE15702A8BA895002AFC23 /* PBXContainerItemProxy */ = {
			isa = PBXContainerItemProxy;
			containerPortal = E1AE15562A8BA894002AFC23 /* Project object */;
			proxyType = 1;
			remoteGlobalIDString = E1AE155D2A8BA894002AFC23;
			remoteInfo = Breathe;
		};
		E1AE157A2A8BA895002AFC23 /* PBXContainerItemProxy */ = {
			isa = PBXContainerItemProxy;
			containerPortal = E1AE15562A8BA894002AFC23 /* Project object */;
			proxyType = 1;
			remoteGlobalIDString = E1AE155D2A8BA894002AFC23;
			remoteInfo = Breathe;
		};
/* End PBXContainerItemProxy section */

/* Begin PBXFileReference section */
		E10029552A8EA6DD00B7141A /* Domain */ = {isa = PBXFileReference; lastKnownFileType = wrapper; name = Domain; path = Breathe/Domain; sourceTree = "<group>"; };
		E182D83B2A8C18EA00EBE108 /* View+.swift */ = {isa = PBXFileReference; lastKnownFileType = sourcecode.swift; path = "View+.swift"; sourceTree = "<group>"; };
		E182D83E2A8CF3A200EBE108 /* ConfigView.swift */ = {isa = PBXFileReference; lastKnownFileType = sourcecode.swift; path = ConfigView.swift; sourceTree = "<group>"; };
		E182D8462A8D658700EBE108 /* CircularPatternView.swift */ = {isa = PBXFileReference; lastKnownFileType = sourcecode.swift; path = CircularPatternView.swift; sourceTree = "<group>"; };
		E182D8482A8E287B00EBE108 /* Color+.swift */ = {isa = PBXFileReference; lastKnownFileType = sourcecode.swift; path = "Color+.swift"; sourceTree = "<group>"; };
		E187DA3B2A8BA99000400A5E /* swiftgen.yml */ = {isa = PBXFileReference; fileEncoding = 4; lastKnownFileType = text.yaml; path = swiftgen.yml; sourceTree = SOURCE_ROOT; };
		E187DA422A8BAAAC00400A5E /* en */ = {isa = PBXFileReference; lastKnownFileType = text.plist.strings; name = en; path = en.lproj/Localizable.strings; sourceTree = "<group>"; };
		E187DA452A8BABC100400A5E /* Strings+Generated.swift */ = {isa = PBXFileReference; fileEncoding = 4; lastKnownFileType = sourcecode.swift; path = "Strings+Generated.swift"; sourceTree = "<group>"; };
		E187DA472A8BAEB500400A5E /* HomeViewModel.swift */ = {isa = PBXFileReference; lastKnownFileType = sourcecode.swift; path = HomeViewModel.swift; sourceTree = "<group>"; };
		E187DA4B2A8BB7B800400A5E /* BubbleView.swift */ = {isa = PBXFileReference; lastKnownFileType = sourcecode.swift; path = BubbleView.swift; sourceTree = "<group>"; };
		E1AE155E2A8BA894002AFC23 /* Breathe.app */ = {isa = PBXFileReference; explicitFileType = wrapper.application; includeInIndex = 0; path = Breathe.app; sourceTree = BUILT_PRODUCTS_DIR; };
		E1AE15612A8BA894002AFC23 /* BreatheApp.swift */ = {isa = PBXFileReference; lastKnownFileType = sourcecode.swift; path = BreatheApp.swift; sourceTree = "<group>"; };
		E1AE15632A8BA894002AFC23 /* HomeView.swift */ = {isa = PBXFileReference; lastKnownFileType = sourcecode.swift; path = HomeView.swift; sourceTree = "<group>"; };
		E1AE15652A8BA895002AFC23 /* Assets.xcassets */ = {isa = PBXFileReference; lastKnownFileType = folder.assetcatalog; path = Assets.xcassets; sourceTree = "<group>"; };
		E1AE15672A8BA895002AFC23 /* Breathe.entitlements */ = {isa = PBXFileReference; lastKnownFileType = text.plist.entitlements; path = Breathe.entitlements; sourceTree = "<group>"; };
		E1AE15692A8BA895002AFC23 /* Preview Assets.xcassets */ = {isa = PBXFileReference; lastKnownFileType = folder.assetcatalog; path = "Preview Assets.xcassets"; sourceTree = "<group>"; };
		E1AE156F2A8BA895002AFC23 /* BreatheTests.xctest */ = {isa = PBXFileReference; explicitFileType = wrapper.cfbundle; includeInIndex = 0; path = BreatheTests.xctest; sourceTree = BUILT_PRODUCTS_DIR; };
		E1AE15732A8BA895002AFC23 /* BreatheTests.swift */ = {isa = PBXFileReference; lastKnownFileType = sourcecode.swift; path = BreatheTests.swift; sourceTree = "<group>"; };
		E1AE15792A8BA895002AFC23 /* BreatheUITests.xctest */ = {isa = PBXFileReference; explicitFileType = wrapper.cfbundle; includeInIndex = 0; path = BreatheUITests.xctest; sourceTree = BUILT_PRODUCTS_DIR; };
		E1AE157D2A8BA895002AFC23 /* BreatheUITests.swift */ = {isa = PBXFileReference; lastKnownFileType = sourcecode.swift; path = BreatheUITests.swift; sourceTree = "<group>"; };
		E1AE157F2A8BA895002AFC23 /* BreatheUITestsLaunchTests.swift */ = {isa = PBXFileReference; lastKnownFileType = sourcecode.swift; path = BreatheUITestsLaunchTests.swift; sourceTree = "<group>"; };
/* End PBXFileReference section */

/* Begin PBXFrameworksBuildPhase section */
		E1AE155B2A8BA894002AFC23 /* Frameworks */ = {
			isa = PBXFrameworksBuildPhase;
			buildActionMask = 2147483647;
			files = (
				E10029572A8EA6EB00B7141A /* Domain in Frameworks */,
			);
			runOnlyForDeploymentPostprocessing = 0;
		};
		E1AE156C2A8BA895002AFC23 /* Frameworks */ = {
			isa = PBXFrameworksBuildPhase;
			buildActionMask = 2147483647;
			files = (
			);
			runOnlyForDeploymentPostprocessing = 0;
		};
		E1AE15762A8BA895002AFC23 /* Frameworks */ = {
			isa = PBXFrameworksBuildPhase;
			buildActionMask = 2147483647;
			files = (
			);
			runOnlyForDeploymentPostprocessing = 0;
		};
/* End PBXFrameworksBuildPhase section */

/* Begin PBXGroup section */
		E14C41F92A8EA4D2004DAD96 /* Frameworks */ = {
			isa = PBXGroup;
			children = (
			);
			name = Frameworks;
			sourceTree = "<group>";
		};
		E182D83A2A8C18E200EBE108 /* Extensions */ = {
			isa = PBXGroup;
			children = (
				E182D83B2A8C18EA00EBE108 /* View+.swift */,
				E182D8482A8E287B00EBE108 /* Color+.swift */,
			);
			path = Extensions;
			sourceTree = "<group>";
		};
		E187DA442A8BAB9B00400A5E /* Resources */ = {
			isa = PBXGroup;
			children = (
				E1AE158D2A8BA911002AFC23 /* Strings */,
			);
			path = Resources;
			sourceTree = "<group>";
		};
		E187DA492A8BB79300400A5E /* HomeView */ = {
			isa = PBXGroup;
			children = (
				E1AE15632A8BA894002AFC23 /* HomeView.swift */,
				E187DA472A8BAEB500400A5E /* HomeViewModel.swift */,
			);
			path = HomeView;
			sourceTree = "<group>";
		};
		E1AE15552A8BA894002AFC23 = {
			isa = PBXGroup;
			children = (
				E10029552A8EA6DD00B7141A /* Domain */,
				E1AE15602A8BA894002AFC23 /* Breathe */,
				E1AE15722A8BA895002AFC23 /* BreatheTests */,
				E1AE157C2A8BA895002AFC23 /* BreatheUITests */,
				E1AE155F2A8BA894002AFC23 /* Products */,
				E14C41F92A8EA4D2004DAD96 /* Frameworks */,
			);
			sourceTree = "<group>";
		};
		E1AE155F2A8BA894002AFC23 /* Products */ = {
			isa = PBXGroup;
			children = (
				E1AE155E2A8BA894002AFC23 /* Breathe.app */,
				E1AE156F2A8BA895002AFC23 /* BreatheTests.xctest */,
				E1AE15792A8BA895002AFC23 /* BreatheUITests.xctest */,
			);
			name = Products;
			sourceTree = "<group>";
		};
		E1AE15602A8BA894002AFC23 /* Breathe */ = {
			isa = PBXGroup;
			children = (
				E1AE15612A8BA894002AFC23 /* BreatheApp.swift */,
				E1AE15672A8BA895002AFC23 /* Breathe.entitlements */,
				E187DA3B2A8BA99000400A5E /* swiftgen.yml */,
				E1AE158C2A8BA90B002AFC23 /* Presentation */,
				E1AE15682A8BA895002AFC23 /* Preview Content */,
			);
			path = Breathe;
			sourceTree = "<group>";
		};
		E1AE15682A8BA895002AFC23 /* Preview Content */ = {
			isa = PBXGroup;
			children = (
				E1AE15692A8BA895002AFC23 /* Preview Assets.xcassets */,
			);
			path = "Preview Content";
			sourceTree = "<group>";
		};
		E1AE15722A8BA895002AFC23 /* BreatheTests */ = {
			isa = PBXGroup;
			children = (
				E1AE15732A8BA895002AFC23 /* BreatheTests.swift */,
			);
			path = BreatheTests;
			sourceTree = "<group>";
		};
		E1AE157C2A8BA895002AFC23 /* BreatheUITests */ = {
			isa = PBXGroup;
			children = (
				E1AE157D2A8BA895002AFC23 /* BreatheUITests.swift */,
				E1AE157F2A8BA895002AFC23 /* BreatheUITestsLaunchTests.swift */,
			);
			path = BreatheUITests;
			sourceTree = "<group>";
		};
		E1AE158C2A8BA90B002AFC23 /* Presentation */ = {
			isa = PBXGroup;
			children = (
				E182D83A2A8C18E200EBE108 /* Extensions */,
				E1AE158E2A8BA918002AFC23 /* Views */,
				E187DA442A8BAB9B00400A5E /* Resources */,
				E1AE15652A8BA895002AFC23 /* Assets.xcassets */,
			);
			path = Presentation;
			sourceTree = "<group>";
		};
		E1AE158D2A8BA911002AFC23 /* Strings */ = {
			isa = PBXGroup;
			children = (
				E187DA432A8BAAAC00400A5E /* Localizable.strings */,
				E187DA452A8BABC100400A5E /* Strings+Generated.swift */,
			);
			path = Strings;
			sourceTree = "<group>";
		};
		E1AE158E2A8BA918002AFC23 /* Views */ = {
			isa = PBXGroup;
			children = (
				E187DA492A8BB79300400A5E /* HomeView */,
				E187DA4B2A8BB7B800400A5E /* BubbleView.swift */,
				E182D8462A8D658700EBE108 /* CircularPatternView.swift */,
				E182D83E2A8CF3A200EBE108 /* ConfigView.swift */,
			);
			path = Views;
			sourceTree = "<group>";
		};
/* End PBXGroup section */

/* Begin PBXNativeTarget section */
		E1AE155D2A8BA894002AFC23 /* Breathe */ = {
			isa = PBXNativeTarget;
			buildConfigurationList = E1AE15832A8BA895002AFC23 /* Build configuration list for PBXNativeTarget "Breathe" */;
			buildPhases = (
				E1AE155A2A8BA894002AFC23 /* Sources */,
				E1AE155B2A8BA894002AFC23 /* Frameworks */,
				E1AE155C2A8BA894002AFC23 /* Resources */,
			);
			buildRules = (
			);
			dependencies = (
			);
			name = Breathe;
			packageProductDependencies = (
				E10029562A8EA6EB00B7141A /* Domain */,
			);
			productName = Breathe;
			productReference = E1AE155E2A8BA894002AFC23 /* Breathe.app */;
			productType = "com.apple.product-type.application";
		};
		E1AE156E2A8BA895002AFC23 /* BreatheTests */ = {
			isa = PBXNativeTarget;
			buildConfigurationList = E1AE15862A8BA895002AFC23 /* Build configuration list for PBXNativeTarget "BreatheTests" */;
			buildPhases = (
				E1AE156B2A8BA895002AFC23 /* Sources */,
				E1AE156C2A8BA895002AFC23 /* Frameworks */,
				E1AE156D2A8BA895002AFC23 /* Resources */,
			);
			buildRules = (
			);
			dependencies = (
				E1AE15712A8BA895002AFC23 /* PBXTargetDependency */,
			);
			name = BreatheTests;
			productName = BreatheTests;
			productReference = E1AE156F2A8BA895002AFC23 /* BreatheTests.xctest */;
			productType = "com.apple.product-type.bundle.unit-test";
		};
		E1AE15782A8BA895002AFC23 /* BreatheUITests */ = {
			isa = PBXNativeTarget;
			buildConfigurationList = E1AE15892A8BA895002AFC23 /* Build configuration list for PBXNativeTarget "BreatheUITests" */;
			buildPhases = (
				E1AE15752A8BA895002AFC23 /* Sources */,
				E1AE15762A8BA895002AFC23 /* Frameworks */,
				E1AE15772A8BA895002AFC23 /* Resources */,
			);
			buildRules = (
			);
			dependencies = (
				E1AE157B2A8BA895002AFC23 /* PBXTargetDependency */,
			);
			name = BreatheUITests;
			productName = BreatheUITests;
			productReference = E1AE15792A8BA895002AFC23 /* BreatheUITests.xctest */;
			productType = "com.apple.product-type.bundle.ui-testing";
		};
/* End PBXNativeTarget section */

/* Begin PBXProject section */
		E1AE15562A8BA894002AFC23 /* Project object */ = {
			isa = PBXProject;
			attributes = {
				BuildIndependentTargetsInParallel = 1;
				LastSwiftUpdateCheck = 1430;
				LastUpgradeCheck = 1430;
				TargetAttributes = {
					E1AE155D2A8BA894002AFC23 = {
						CreatedOnToolsVersion = 14.3;
					};
					E1AE156E2A8BA895002AFC23 = {
						CreatedOnToolsVersion = 14.3;
						TestTargetID = E1AE155D2A8BA894002AFC23;
					};
					E1AE15782A8BA895002AFC23 = {
						CreatedOnToolsVersion = 14.3;
						TestTargetID = E1AE155D2A8BA894002AFC23;
					};
				};
			};
			buildConfigurationList = E1AE15592A8BA894002AFC23 /* Build configuration list for PBXProject "Breathe" */;
			compatibilityVersion = "Xcode 14.0";
			developmentRegion = en;
			hasScannedForEncodings = 0;
			knownRegions = (
				en,
				Base,
			);
			mainGroup = E1AE15552A8BA894002AFC23;
			productRefGroup = E1AE155F2A8BA894002AFC23 /* Products */;
			projectDirPath = "";
			projectRoot = "";
			targets = (
				E1AE155D2A8BA894002AFC23 /* Breathe */,
				E1AE156E2A8BA895002AFC23 /* BreatheTests */,
				E1AE15782A8BA895002AFC23 /* BreatheUITests */,
			);
		};
/* End PBXProject section */

/* Begin PBXResourcesBuildPhase section */
		E1AE155C2A8BA894002AFC23 /* Resources */ = {
			isa = PBXResourcesBuildPhase;
			buildActionMask = 2147483647;
			files = (
				E1AE156A2A8BA895002AFC23 /* Preview Assets.xcassets in Resources */,
				E187DA412A8BAAAC00400A5E /* Localizable.strings in Resources */,
				E1AE15662A8BA895002AFC23 /* Assets.xcassets in Resources */,
				E187DA3C2A8BA99000400A5E /* swiftgen.yml in Resources */,
			);
			runOnlyForDeploymentPostprocessing = 0;
		};
		E1AE156D2A8BA895002AFC23 /* Resources */ = {
			isa = PBXResourcesBuildPhase;
			buildActionMask = 2147483647;
			files = (
			);
			runOnlyForDeploymentPostprocessing = 0;
		};
		E1AE15772A8BA895002AFC23 /* Resources */ = {
			isa = PBXResourcesBuildPhase;
			buildActionMask = 2147483647;
			files = (
			);
			runOnlyForDeploymentPostprocessing = 0;
		};
/* End PBXResourcesBuildPhase section */

/* Begin PBXSourcesBuildPhase section */
		E1AE155A2A8BA894002AFC23 /* Sources */ = {
			isa = PBXSourcesBuildPhase;
			buildActionMask = 2147483647;
			files = (
				E1AE15642A8BA894002AFC23 /* HomeView.swift in Sources */,
				E182D8492A8E287B00EBE108 /* Color+.swift in Sources */,
				E187DA4C2A8BB7B800400A5E /* BubbleView.swift in Sources */,
				E182D83F2A8CF3A200EBE108 /* ConfigView.swift in Sources */,
				E1AE15622A8BA894002AFC23 /* BreatheApp.swift in Sources */,
				E182D83C2A8C18EA00EBE108 /* View+.swift in Sources */,
				E187DA462A8BABC100400A5E /* Strings+Generated.swift in Sources */,
				E182D8472A8D658700EBE108 /* CircularPatternView.swift in Sources */,
				E187DA482A8BAEB500400A5E /* HomeViewModel.swift in Sources */,
			);
			runOnlyForDeploymentPostprocessing = 0;
		};
		E1AE156B2A8BA895002AFC23 /* Sources */ = {
			isa = PBXSourcesBuildPhase;
			buildActionMask = 2147483647;
			files = (
				E1AE15742A8BA895002AFC23 /* BreatheTests.swift in Sources */,
			);
			runOnlyForDeploymentPostprocessing = 0;
		};
		E1AE15752A8BA895002AFC23 /* Sources */ = {
			isa = PBXSourcesBuildPhase;
			buildActionMask = 2147483647;
			files = (
				E1AE15802A8BA895002AFC23 /* BreatheUITestsLaunchTests.swift in Sources */,
				E1AE157E2A8BA895002AFC23 /* BreatheUITests.swift in Sources */,
			);
			runOnlyForDeploymentPostprocessing = 0;
		};
/* End PBXSourcesBuildPhase section */

/* Begin PBXTargetDependency section */
		E1AE15712A8BA895002AFC23 /* PBXTargetDependency */ = {
			isa = PBXTargetDependency;
			target = E1AE155D2A8BA894002AFC23 /* Breathe */;
			targetProxy = E1AE15702A8BA895002AFC23 /* PBXContainerItemProxy */;
		};
		E1AE157B2A8BA895002AFC23 /* PBXTargetDependency */ = {
			isa = PBXTargetDependency;
			target = E1AE155D2A8BA894002AFC23 /* Breathe */;
			targetProxy = E1AE157A2A8BA895002AFC23 /* PBXContainerItemProxy */;
		};
/* End PBXTargetDependency section */

/* Begin PBXVariantGroup section */
		E187DA432A8BAAAC00400A5E /* Localizable.strings */ = {
			isa = PBXVariantGroup;
			children = (
				E187DA422A8BAAAC00400A5E /* en */,
			);
			name = Localizable.strings;
			sourceTree = "<group>";
		};
/* End PBXVariantGroup section */

/* Begin XCBuildConfiguration section */
		E1AE15812A8BA895002AFC23 /* Debug */ = {
			isa = XCBuildConfiguration;
			buildSettings = {
				ALWAYS_SEARCH_USER_PATHS = NO;
				CLANG_ANALYZER_NONNULL = YES;
				CLANG_ANALYZER_NUMBER_OBJECT_CONVERSION = YES_AGGRESSIVE;
				CLANG_CXX_LANGUAGE_STANDARD = "gnu++20";
				CLANG_ENABLE_MODULES = YES;
				CLANG_ENABLE_OBJC_ARC = YES;
				CLANG_ENABLE_OBJC_WEAK = YES;
				CLANG_WARN_BLOCK_CAPTURE_AUTORELEASING = YES;
				CLANG_WARN_BOOL_CONVERSION = YES;
				CLANG_WARN_COMMA = YES;
				CLANG_WARN_CONSTANT_CONVERSION = YES;
				CLANG_WARN_DEPRECATED_OBJC_IMPLEMENTATIONS = YES;
				CLANG_WARN_DIRECT_OBJC_ISA_USAGE = YES_ERROR;
				CLANG_WARN_DOCUMENTATION_COMMENTS = YES;
				CLANG_WARN_EMPTY_BODY = YES;
				CLANG_WARN_ENUM_CONVERSION = YES;
				CLANG_WARN_INFINITE_RECURSION = YES;
				CLANG_WARN_INT_CONVERSION = YES;
				CLANG_WARN_NON_LITERAL_NULL_CONVERSION = YES;
				CLANG_WARN_OBJC_IMPLICIT_RETAIN_SELF = YES;
				CLANG_WARN_OBJC_LITERAL_CONVERSION = YES;
				CLANG_WARN_OBJC_ROOT_CLASS = YES_ERROR;
				CLANG_WARN_QUOTED_INCLUDE_IN_FRAMEWORK_HEADER = YES;
				CLANG_WARN_RANGE_LOOP_ANALYSIS = YES;
				CLANG_WARN_STRICT_PROTOTYPES = YES;
				CLANG_WARN_SUSPICIOUS_MOVE = YES;
				CLANG_WARN_UNGUARDED_AVAILABILITY = YES_AGGRESSIVE;
				CLANG_WARN_UNREACHABLE_CODE = YES;
				CLANG_WARN__DUPLICATE_METHOD_MATCH = YES;
				COPY_PHASE_STRIP = NO;
				DEBUG_INFORMATION_FORMAT = dwarf;
				ENABLE_STRICT_OBJC_MSGSEND = YES;
				ENABLE_TESTABILITY = YES;
				GCC_C_LANGUAGE_STANDARD = gnu11;
				GCC_DYNAMIC_NO_PIC = NO;
				GCC_NO_COMMON_BLOCKS = YES;
				GCC_OPTIMIZATION_LEVEL = 0;
				GCC_PREPROCESSOR_DEFINITIONS = (
					"DEBUG=1",
					"$(inherited)",
				);
				GCC_WARN_64_TO_32_BIT_CONVERSION = YES;
				GCC_WARN_ABOUT_RETURN_TYPE = YES_ERROR;
				GCC_WARN_UNDECLARED_SELECTOR = YES;
				GCC_WARN_UNINITIALIZED_AUTOS = YES_AGGRESSIVE;
				GCC_WARN_UNUSED_FUNCTION = YES;
				GCC_WARN_UNUSED_VARIABLE = YES;
				MTL_ENABLE_DEBUG_INFO = INCLUDE_SOURCE;
				MTL_FAST_MATH = YES;
				ONLY_ACTIVE_ARCH = YES;
				SWIFT_ACTIVE_COMPILATION_CONDITIONS = DEBUG;
				SWIFT_OPTIMIZATION_LEVEL = "-Onone";
			};
			name = Debug;
		};
		E1AE15822A8BA895002AFC23 /* Release */ = {
			isa = XCBuildConfiguration;
			buildSettings = {
				ALWAYS_SEARCH_USER_PATHS = NO;
				CLANG_ANALYZER_NONNULL = YES;
				CLANG_ANALYZER_NUMBER_OBJECT_CONVERSION = YES_AGGRESSIVE;
				CLANG_CXX_LANGUAGE_STANDARD = "gnu++20";
				CLANG_ENABLE_MODULES = YES;
				CLANG_ENABLE_OBJC_ARC = YES;
				CLANG_ENABLE_OBJC_WEAK = YES;
				CLANG_WARN_BLOCK_CAPTURE_AUTORELEASING = YES;
				CLANG_WARN_BOOL_CONVERSION = YES;
				CLANG_WARN_COMMA = YES;
				CLANG_WARN_CONSTANT_CONVERSION = YES;
				CLANG_WARN_DEPRECATED_OBJC_IMPLEMENTATIONS = YES;
				CLANG_WARN_DIRECT_OBJC_ISA_USAGE = YES_ERROR;
				CLANG_WARN_DOCUMENTATION_COMMENTS = YES;
				CLANG_WARN_EMPTY_BODY = YES;
				CLANG_WARN_ENUM_CONVERSION = YES;
				CLANG_WARN_INFINITE_RECURSION = YES;
				CLANG_WARN_INT_CONVERSION = YES;
				CLANG_WARN_NON_LITERAL_NULL_CONVERSION = YES;
				CLANG_WARN_OBJC_IMPLICIT_RETAIN_SELF = YES;
				CLANG_WARN_OBJC_LITERAL_CONVERSION = YES;
				CLANG_WARN_OBJC_ROOT_CLASS = YES_ERROR;
				CLANG_WARN_QUOTED_INCLUDE_IN_FRAMEWORK_HEADER = YES;
				CLANG_WARN_RANGE_LOOP_ANALYSIS = YES;
				CLANG_WARN_STRICT_PROTOTYPES = YES;
				CLANG_WARN_SUSPICIOUS_MOVE = YES;
				CLANG_WARN_UNGUARDED_AVAILABILITY = YES_AGGRESSIVE;
				CLANG_WARN_UNREACHABLE_CODE = YES;
				CLANG_WARN__DUPLICATE_METHOD_MATCH = YES;
				COPY_PHASE_STRIP = NO;
				DEBUG_INFORMATION_FORMAT = "dwarf-with-dsym";
				ENABLE_NS_ASSERTIONS = NO;
				ENABLE_STRICT_OBJC_MSGSEND = YES;
				GCC_C_LANGUAGE_STANDARD = gnu11;
				GCC_NO_COMMON_BLOCKS = YES;
				GCC_WARN_64_TO_32_BIT_CONVERSION = YES;
				GCC_WARN_ABOUT_RETURN_TYPE = YES_ERROR;
				GCC_WARN_UNDECLARED_SELECTOR = YES;
				GCC_WARN_UNINITIALIZED_AUTOS = YES_AGGRESSIVE;
				GCC_WARN_UNUSED_FUNCTION = YES;
				GCC_WARN_UNUSED_VARIABLE = YES;
				MTL_ENABLE_DEBUG_INFO = NO;
				MTL_FAST_MATH = YES;
				SWIFT_COMPILATION_MODE = wholemodule;
				SWIFT_OPTIMIZATION_LEVEL = "-O";
			};
			name = Release;
		};
		E1AE15842A8BA895002AFC23 /* Debug */ = {
			isa = XCBuildConfiguration;
			buildSettings = {
				ASSETCATALOG_COMPILER_APPICON_NAME = AppIcon;
				ASSETCATALOG_COMPILER_GLOBAL_ACCENT_COLOR_NAME = AccentColor;
				CODE_SIGN_ENTITLEMENTS = Breathe/Breathe.entitlements;
				CODE_SIGN_STYLE = Automatic;
				CURRENT_PROJECT_VERSION = 1;
				DEVELOPMENT_ASSET_PATHS = "\"Breathe/Preview Content\"";
				DEVELOPMENT_TEAM = DR355UA5ZW;
				ENABLE_HARDENED_RUNTIME = YES;
				ENABLE_PREVIEWS = YES;
				GENERATE_INFOPLIST_FILE = YES;
				"INFOPLIST_KEY_UIApplicationSceneManifest_Generation[sdk=iphoneos*]" = YES;
				"INFOPLIST_KEY_UIApplicationSceneManifest_Generation[sdk=iphonesimulator*]" = YES;
				"INFOPLIST_KEY_UIApplicationSupportsIndirectInputEvents[sdk=iphoneos*]" = YES;
				"INFOPLIST_KEY_UIApplicationSupportsIndirectInputEvents[sdk=iphonesimulator*]" = YES;
				"INFOPLIST_KEY_UILaunchScreen_Generation[sdk=iphoneos*]" = YES;
				"INFOPLIST_KEY_UILaunchScreen_Generation[sdk=iphonesimulator*]" = YES;
				"INFOPLIST_KEY_UIStatusBarStyle[sdk=iphoneos*]" = UIStatusBarStyleDefault;
				"INFOPLIST_KEY_UIStatusBarStyle[sdk=iphonesimulator*]" = UIStatusBarStyleDefault;
				INFOPLIST_KEY_UISupportedInterfaceOrientations_iPad = "UIInterfaceOrientationPortrait UIInterfaceOrientationPortraitUpsideDown UIInterfaceOrientationLandscapeLeft UIInterfaceOrientationLandscapeRight";
				INFOPLIST_KEY_UISupportedInterfaceOrientations_iPhone = "UIInterfaceOrientationPortrait UIInterfaceOrientationLandscapeLeft UIInterfaceOrientationLandscapeRight";
				IPHONEOS_DEPLOYMENT_TARGET = 15.0;
				LD_RUNPATH_SEARCH_PATHS = "@executable_path/Frameworks";
				"LD_RUNPATH_SEARCH_PATHS[sdk=macosx*]" = "@executable_path/../Frameworks";
				MACOSX_DEPLOYMENT_TARGET = 13.3;
				MARKETING_VERSION = 1.0;
				PRODUCT_BUNDLE_IDENTIFIER = com.lif.Breathe;
				PRODUCT_NAME = "$(TARGET_NAME)";
				SDKROOT = auto;
				SUPPORTED_PLATFORMS = "iphoneos iphonesimulator";
				SUPPORTS_MACCATALYST = NO;
				SUPPORTS_MAC_DESIGNED_FOR_IPHONE_IPAD = NO;
				SWIFT_EMIT_LOC_STRINGS = YES;
				SWIFT_VERSION = 5.0;
				TARGETED_DEVICE_FAMILY = 1;
			};
			name = Debug;
		};
		E1AE15852A8BA895002AFC23 /* Release */ = {
			isa = XCBuildConfiguration;
			buildSettings = {
				ASSETCATALOG_COMPILER_APPICON_NAME = AppIcon;
				ASSETCATALOG_COMPILER_GLOBAL_ACCENT_COLOR_NAME = AccentColor;
				CODE_SIGN_ENTITLEMENTS = Breathe/Breathe.entitlements;
				CODE_SIGN_STYLE = Automatic;
				CURRENT_PROJECT_VERSION = 1;
				DEVELOPMENT_ASSET_PATHS = "\"Breathe/Preview Content\"";
				DEVELOPMENT_TEAM = DR355UA5ZW;
				ENABLE_HARDENED_RUNTIME = YES;
				ENABLE_PREVIEWS = YES;
				GENERATE_INFOPLIST_FILE = YES;
				"INFOPLIST_KEY_UIApplicationSceneManifest_Generation[sdk=iphoneos*]" = YES;
				"INFOPLIST_KEY_UIApplicationSceneManifest_Generation[sdk=iphonesimulator*]" = YES;
				"INFOPLIST_KEY_UIApplicationSupportsIndirectInputEvents[sdk=iphoneos*]" = YES;
				"INFOPLIST_KEY_UIApplicationSupportsIndirectInputEvents[sdk=iphonesimulator*]" = YES;
				"INFOPLIST_KEY_UILaunchScreen_Generation[sdk=iphoneos*]" = YES;
				"INFOPLIST_KEY_UILaunchScreen_Generation[sdk=iphonesimulator*]" = YES;
				"INFOPLIST_KEY_UIStatusBarStyle[sdk=iphoneos*]" = UIStatusBarStyleDefault;
				"INFOPLIST_KEY_UIStatusBarStyle[sdk=iphonesimulator*]" = UIStatusBarStyleDefault;
				INFOPLIST_KEY_UISupportedInterfaceOrientations_iPad = "UIInterfaceOrientationPortrait UIInterfaceOrientationPortraitUpsideDown UIInterfaceOrientationLandscapeLeft UIInterfaceOrientationLandscapeRight";
				INFOPLIST_KEY_UISupportedInterfaceOrientations_iPhone = "UIInterfaceOrientationPortrait UIInterfaceOrientationLandscapeLeft UIInterfaceOrientationLandscapeRight";
				IPHONEOS_DEPLOYMENT_TARGET = 15.0;
				LD_RUNPATH_SEARCH_PATHS = "@executable_path/Frameworks";
				"LD_RUNPATH_SEARCH_PATHS[sdk=macosx*]" = "@executable_path/../Frameworks";
				MACOSX_DEPLOYMENT_TARGET = 13.3;
				MARKETING_VERSION = 1.0;
				PRODUCT_BUNDLE_IDENTIFIER = com.lif.Breathe;
				PRODUCT_NAME = "$(TARGET_NAME)";
				SDKROOT = auto;
				SUPPORTED_PLATFORMS = "iphoneos iphonesimulator";
				SUPPORTS_MACCATALYST = NO;
				SUPPORTS_MAC_DESIGNED_FOR_IPHONE_IPAD = NO;
				SWIFT_EMIT_LOC_STRINGS = YES;
				SWIFT_VERSION = 5.0;
				TARGETED_DEVICE_FAMILY = 1;
			};
			name = Release;
		};
		E1AE15872A8BA895002AFC23 /* Debug */ = {
			isa = XCBuildConfiguration;
			buildSettings = {
				ALWAYS_EMBED_SWIFT_STANDARD_LIBRARIES = YES;
				BUNDLE_LOADER = "$(TEST_HOST)";
				CODE_SIGN_STYLE = Automatic;
				CURRENT_PROJECT_VERSION = 1;
				DEVELOPMENT_TEAM = DR355UA5ZW;
				GENERATE_INFOPLIST_FILE = YES;
				IPHONEOS_DEPLOYMENT_TARGET = 16.4;
				MACOSX_DEPLOYMENT_TARGET = 13.3;
				MARKETING_VERSION = 1.0;
				PRODUCT_BUNDLE_IDENTIFIER = com.lif.BreatheTests;
				PRODUCT_NAME = "$(TARGET_NAME)";
				SDKROOT = auto;
				SUPPORTED_PLATFORMS = "iphoneos iphonesimulator macosx";
				SWIFT_EMIT_LOC_STRINGS = NO;
				SWIFT_VERSION = 5.0;
				TARGETED_DEVICE_FAMILY = "1,2";
				TEST_HOST = "$(BUILT_PRODUCTS_DIR)/Breathe.app/$(BUNDLE_EXECUTABLE_FOLDER_PATH)/Breathe";
			};
			name = Debug;
		};
		E1AE15882A8BA895002AFC23 /* Release */ = {
			isa = XCBuildConfiguration;
			buildSettings = {
				ALWAYS_EMBED_SWIFT_STANDARD_LIBRARIES = YES;
				BUNDLE_LOADER = "$(TEST_HOST)";
				CODE_SIGN_STYLE = Automatic;
				CURRENT_PROJECT_VERSION = 1;
				DEVELOPMENT_TEAM = DR355UA5ZW;
				GENERATE_INFOPLIST_FILE = YES;
				IPHONEOS_DEPLOYMENT_TARGET = 16.4;
				MACOSX_DEPLOYMENT_TARGET = 13.3;
				MARKETING_VERSION = 1.0;
				PRODUCT_BUNDLE_IDENTIFIER = com.lif.BreatheTests;
				PRODUCT_NAME = "$(TARGET_NAME)";
				SDKROOT = auto;
				SUPPORTED_PLATFORMS = "iphoneos iphonesimulator macosx";
				SWIFT_EMIT_LOC_STRINGS = NO;
				SWIFT_VERSION = 5.0;
				TARGETED_DEVICE_FAMILY = "1,2";
				TEST_HOST = "$(BUILT_PRODUCTS_DIR)/Breathe.app/$(BUNDLE_EXECUTABLE_FOLDER_PATH)/Breathe";
			};
			name = Release;
		};
		E1AE158A2A8BA895002AFC23 /* Debug */ = {
			isa = XCBuildConfiguration;
			buildSettings = {
				ALWAYS_EMBED_SWIFT_STANDARD_LIBRARIES = YES;
				CODE_SIGN_STYLE = Automatic;
				CURRENT_PROJECT_VERSION = 1;
				DEVELOPMENT_TEAM = DR355UA5ZW;
				GENERATE_INFOPLIST_FILE = YES;
				IPHONEOS_DEPLOYMENT_TARGET = 16.4;
				MACOSX_DEPLOYMENT_TARGET = 13.3;
				MARKETING_VERSION = 1.0;
				PRODUCT_BUNDLE_IDENTIFIER = com.lif.BreatheUITests;
				PRODUCT_NAME = "$(TARGET_NAME)";
				SDKROOT = auto;
				SUPPORTED_PLATFORMS = "iphoneos iphonesimulator macosx";
				SWIFT_EMIT_LOC_STRINGS = NO;
				SWIFT_VERSION = 5.0;
				TARGETED_DEVICE_FAMILY = "1,2";
				TEST_TARGET_NAME = Breathe;
			};
			name = Debug;
		};
		E1AE158B2A8BA895002AFC23 /* Release */ = {
			isa = XCBuildConfiguration;
			buildSettings = {
				ALWAYS_EMBED_SWIFT_STANDARD_LIBRARIES = YES;
				CODE_SIGN_STYLE = Automatic;
				CURRENT_PROJECT_VERSION = 1;
				DEVELOPMENT_TEAM = DR355UA5ZW;
				GENERATE_INFOPLIST_FILE = YES;
				IPHONEOS_DEPLOYMENT_TARGET = 16.4;
				MACOSX_DEPLOYMENT_TARGET = 13.3;
				MARKETING_VERSION = 1.0;
				PRODUCT_BUNDLE_IDENTIFIER = com.lif.BreatheUITests;
				PRODUCT_NAME = "$(TARGET_NAME)";
				SDKROOT = auto;
				SUPPORTED_PLATFORMS = "iphoneos iphonesimulator macosx";
				SWIFT_EMIT_LOC_STRINGS = NO;
				SWIFT_VERSION = 5.0;
				TARGETED_DEVICE_FAMILY = "1,2";
				TEST_TARGET_NAME = Breathe;
			};
			name = Release;
		};
/* End XCBuildConfiguration section */

/* Begin XCConfigurationList section */
		E1AE15592A8BA894002AFC23 /* Build configuration list for PBXProject "Breathe" */ = {
			isa = XCConfigurationList;
			buildConfigurations = (
				E1AE15812A8BA895002AFC23 /* Debug */,
				E1AE15822A8BA895002AFC23 /* Release */,
			);
			defaultConfigurationIsVisible = 0;
			defaultConfigurationName = Release;
		};
		E1AE15832A8BA895002AFC23 /* Build configuration list for PBXNativeTarget "Breathe" */ = {
			isa = XCConfigurationList;
			buildConfigurations = (
				E1AE15842A8BA895002AFC23 /* Debug */,
				E1AE15852A8BA895002AFC23 /* Release */,
			);
			defaultConfigurationIsVisible = 0;
			defaultConfigurationName = Release;
		};
		E1AE15862A8BA895002AFC23 /* Build configuration list for PBXNativeTarget "BreatheTests" */ = {
			isa = XCConfigurationList;
			buildConfigurations = (
				E1AE15872A8BA895002AFC23 /* Debug */,
				E1AE15882A8BA895002AFC23 /* Release */,
			);
			defaultConfigurationIsVisible = 0;
			defaultConfigurationName = Release;
		};
		E1AE15892A8BA895002AFC23 /* Build configuration list for PBXNativeTarget "BreatheUITests" */ = {
			isa = XCConfigurationList;
			buildConfigurations = (
				E1AE158A2A8BA895002AFC23 /* Debug */,
				E1AE158B2A8BA895002AFC23 /* Release */,
			);
			defaultConfigurationIsVisible = 0;
			defaultConfigurationName = Release;
		};
/* End XCConfigurationList section */

/* Begin XCSwiftPackageProductDependency section */
		E10029562A8EA6EB00B7141A /* Domain */ = {
			isa = XCSwiftPackageProductDependency;
			productName = Domain;
		};
/* End XCSwiftPackageProductDependency section */
	};
	rootObject = E1AE15562A8BA894002AFC23 /* Project object */;
}
